
Microsoft Visual Studio Solution File, Format Version 12.00
# Visual Studio Version 17
VisualStudioVersion = 17.5.33414.496
MinimumVisualStudioVersion = 10.0.40219.1
Project("{FAE04EC0-301F-11D3-BF4B-00C04F79EFBC}") = "Farmer", "Farmer\Farmer.csproj", "{E9F6BE20-FB3A-4D77-A856-7E41E056691A}"
EndProject
Project("{FAE04EC0-301F-11D3-BF4B-00C04F79EFBC}") = "Admin", "Admin\Admin.csproj", "{FB77B489-F2DE-40C4-A26F-0AB264FCC273}"
EndProject
Project("{FAE04EC0-301F-11D3-BF4B-00C04F79EFBC}") = "Veterinar", "Veterinar\Veterinar.csproj", "{F96F8D3B-6988-45B3-B86B-B63E5F173AFE}"
EndProject
Global
	GlobalSection(SolutionConfigurationPlatforms) = preSolution
		Debug|Any CPU = Debug|Any CPU
		Release|Any CPU = Release|Any CPU
	EndGlobalSection
	GlobalSection(ProjectConfigurationPlatforms) = postSolution
		{E9F6BE20-FB3A-4D77-A856-7E41E056691A}.Debug|Any CPU.ActiveCfg = Debug|Any CPU
		{E9F6BE20-FB3A-4D77-A856-7E41E056691A}.Debug|Any CPU.Build.0 = Debug|Any CPU
		{E9F6BE20-FB3A-4D77-A856-7E41E056691A}.Release|Any CPU.ActiveCfg = Release|Any CPU
		{E9F6BE20-FB3A-4D77-A856-7E41E056691A}.Release|Any CPU.Build.0 = Release|Any CPU
		{FB77B489-F2DE-40C4-A26F-0AB264FCC273}.Debug|Any CPU.ActiveCfg = Debug|Any CPU
		{FB77B489-F2DE-40C4-A26F-0AB264FCC273}.Debug|Any CPU.Build.0 = Debug|Any CPU
		{FB77B489-F2DE-40C4-A26F-0AB264FCC273}.Release|Any CPU.ActiveCfg = Release|Any CPU
		{FB77B489-F2DE-40C4-A26F-0AB264FCC273}.Release|Any CPU.Build.0 = Release|Any CPU
		{F96F8D3B-6988-45B3-B86B-B63E5F173AFE}.Debug|Any CPU.ActiveCfg = Debug|Any CPU
		{F96F8D3B-6988-45B3-B86B-B63E5F173AFE}.Debug|Any CPU.Build.0 = Debug|Any CPU
		{F96F8D3B-6988-45B3-B86B-B63E5F173AFE}.Release|Any CPU.ActiveCfg = Release|Any CPU
		{F96F8D3B-6988-45B3-B86B-B63E5F173AFE}.Release|Any CPU.Build.0 = Release|Any CPU
	EndGlobalSection
	GlobalSection(SolutionProperties) = preSolution
		HideSolutionNode = FALSE
	EndGlobalSection
	GlobalSection(ExtensibilityGlobals) = postSolution
		SolutionGuid = {6F51CD13-811F-468B-A1F1-B7596C5E4D6F}
	EndGlobalSection
EndGlobal
